// !$*UTF8*$!
{
	archiveVersion = 1;
	classes = {
	};
	objectVersion = 46;
	objects = {

/* Begin PBXBuildFile section */
		405C1A251D66EBEC003A6239 /* main.m in Sources */ = {isa = PBXBuildFile; fileRef = 405C1A241D66EBEC003A6239 /* main.m */; };
		405C1A281D66EBEC003A6239 /* AppDelegate.m in Sources */ = {isa = PBXBuildFile; fileRef = 405C1A271D66EBEC003A6239 /* AppDelegate.m */; };
		405C1A2B1D66EBEC003A6239 /* ViewController.m in Sources */ = {isa = PBXBuildFile; fileRef = 405C1A2A1D66EBEC003A6239 /* ViewController.m */; };
		405C1A2E1D66EBEC003A6239 /* Main.storyboard in Resources */ = {isa = PBXBuildFile; fileRef = 405C1A2C1D66EBEC003A6239 /* Main.storyboard */; };
		405C1A301D66EBEC003A6239 /* Assets.xcassets in Resources */ = {isa = PBXBuildFile; fileRef = 405C1A2F1D66EBEC003A6239 /* Assets.xcassets */; };
		405C1A331D66EBEC003A6239 /* LaunchScreen.storyboard in Resources */ = {isa = PBXBuildFile; fileRef = 405C1A311D66EBEC003A6239 /* LaunchScreen.storyboard */; };
		405C1A3E1D66EBEC003A6239 /* QRCodeDemoTests.m in Sources */ = {isa = PBXBuildFile; fileRef = 405C1A3D1D66EBEC003A6239 /* QRCodeDemoTests.m */; };
		405C1A491D66EBEC003A6239 /* QRCodeDemoUITests.m in Sources */ = {isa = PBXBuildFile; fileRef = 405C1A481D66EBEC003A6239 /* QRCodeDemoUITests.m */; };
		40DF20B11D7E986E006E8CFF /* QRScanViewController.m in Sources */ = {isa = PBXBuildFile; fileRef = 40DF20AC1D7E986E006E8CFF /* QRScanViewController.m */; };
		40DF20B21D7E986E006E8CFF /* QRScanView.m in Sources */ = {isa = PBXBuildFile; fileRef = 40DF20AF1D7E986E006E8CFF /* QRScanView.m */; };
		40DF20B31D7E986E006E8CFF /* scan@3x.png in Resources */ = {isa = PBXBuildFile; fileRef = 40DF20B01D7E986E006E8CFF /* scan@3x.png */; };
		40DF20B61D7E998E006E8CFF /* QRView.m in Sources */ = {isa = PBXBuildFile; fileRef = 40DF20B51D7E998E006E8CFF /* QRView.m */; };
		40DF20B91D7E9A95006E8CFF /* QRViewController.m in Sources */ = {isa = PBXBuildFile; fileRef = 40DF20B81D7E9A95006E8CFF /* QRViewController.m */; };
/* End PBXBuildFile section */

/* Begin PBXContainerItemProxy section */
		405C1A3A1D66EBEC003A6239 /* PBXContainerItemProxy */ = {
			isa = PBXContainerItemProxy;
			containerPortal = 405C1A181D66EBEB003A6239 /* Project object */;
			proxyType = 1;
			remoteGlobalIDString = 405C1A1F1D66EBEB003A6239;
			remoteInfo = QRCodeDemo;
		};
		405C1A451D66EBEC003A6239 /* PBXContainerItemProxy */ = {
			isa = PBXContainerItemProxy;
			containerPortal = 405C1A181D66EBEB003A6239 /* Project object */;
			proxyType = 1;
			remoteGlobalIDString = 405C1A1F1D66EBEB003A6239;
			remoteInfo = QRCodeDemo;
		};
/* End PBXContainerItemProxy section */

/* Begin PBXFileReference section */
		405C1A201D66EBEB003A6239 /* QRCodeDemo.app */ = {isa = PBXFileReference; explicitFileType = wrapper.application; includeInIndex = 0; path = QRCodeDemo.app; sourceTree = BUILT_PRODUCTS_DIR; };
		405C1A241D66EBEC003A6239 /* main.m */ = {isa = PBXFileReference; lastKnownFileType = sourcecode.c.objc; path = main.m; sourceTree = "<group>"; };
		405C1A261D66EBEC003A6239 /* AppDelegate.h */ = {isa = PBXFileReference; lastKnownFileType = sourcecode.c.h; path = AppDelegate.h; sourceTree = "<group>"; };
		405C1A271D66EBEC003A6239 /* AppDelegate.m */ = {isa = PBXFileReference; lastKnownFileType = sourcecode.c.objc; path = AppDelegate.m; sourceTree = "<group>"; };
		405C1A291D66EBEC003A6239 /* ViewController.h */ = {isa = PBXFileReference; lastKnownFileType = sourcecode.c.h; path = ViewController.h; sourceTree = "<group>"; };
		405C1A2A1D66EBEC003A6239 /* ViewController.m */ = {isa = PBXFileReference; lastKnownFileType = sourcecode.c.objc; path = ViewController.m; sourceTree = "<group>"; };
		405C1A2D1D66EBEC003A6239 /* Base */ = {isa = PBXFileReference; lastKnownFileType = file.storyboard; name = Base; path = Base.lproj/Main.storyboard; sourceTree = "<group>"; };
		405C1A2F1D66EBEC003A6239 /* Assets.xcassets */ = {isa = PBXFileReference; lastKnownFileType = folder.assetcatalog; path = Assets.xcassets; sourceTree = "<group>"; };
		405C1A321D66EBEC003A6239 /* Base */ = {isa = PBXFileReference; lastKnownFileType = file.storyboard; name = Base; path = Base.lproj/LaunchScreen.storyboard; sourceTree = "<group>"; };
		405C1A341D66EBEC003A6239 /* Info.plist */ = {isa = PBXFileReference; lastKnownFileType = text.plist.xml; path = Info.plist; sourceTree = "<group>"; };
		405C1A391D66EBEC003A6239 /* QRCodeDemoTests.xctest */ = {isa = PBXFileReference; explicitFileType = wrapper.cfbundle; includeInIndex = 0; path = QRCodeDemoTests.xctest; sourceTree = BUILT_PRODUCTS_DIR; };
		405C1A3D1D66EBEC003A6239 /* QRCodeDemoTests.m */ = {isa = PBXFileReference; lastKnownFileType = sourcecode.c.objc; path = QRCodeDemoTests.m; sourceTree = "<group>"; };
		405C1A3F1D66EBEC003A6239 /* Info.plist */ = {isa = PBXFileReference; lastKnownFileType = text.plist.xml; path = Info.plist; sourceTree = "<group>"; };
		405C1A441D66EBEC003A6239 /* QRCodeDemoUITests.xctest */ = {isa = PBXFileReference; explicitFileType = wrapper.cfbundle; includeInIndex = 0; path = QRCodeDemoUITests.xctest; sourceTree = BUILT_PRODUCTS_DIR; };
		405C1A481D66EBEC003A6239 /* QRCodeDemoUITests.m */ = {isa = PBXFileReference; lastKnownFileType = sourcecode.c.objc; path = QRCodeDemoUITests.m; sourceTree = "<group>"; };
		405C1A4A1D66EBEC003A6239 /* Info.plist */ = {isa = PBXFileReference; lastKnownFileType = text.plist.xml; path = Info.plist; sourceTree = "<group>"; };
		40DF20AB1D7E986E006E8CFF /* QRScanViewController.h */ = {isa = PBXFileReference; fileEncoding = 4; lastKnownFileType = sourcecode.c.h; path = QRScanViewController.h; sourceTree = "<group>"; };
		40DF20AC1D7E986E006E8CFF /* QRScanViewController.m */ = {isa = PBXFileReference; fileEncoding = 4; lastKnownFileType = sourcecode.c.objc; path = QRScanViewController.m; sourceTree = "<group>"; };
		40DF20AE1D7E986E006E8CFF /* QRScanView.h */ = {isa = PBXFileReference; fileEncoding = 4; lastKnownFileType = sourcecode.c.h; path = QRScanView.h; sourceTree = "<group>"; };
		40DF20AF1D7E986E006E8CFF /* QRScanView.m */ = {isa = PBXFileReference; fileEncoding = 4; lastKnownFileType = sourcecode.c.objc; path = QRScanView.m; sourceTree = "<group>"; };
		40DF20B01D7E986E006E8CFF /* scan@3x.png */ = {isa = PBXFileReference; lastKnownFileType = image.png; path = "scan@3x.png"; sourceTree = "<group>"; };
		40DF20B41D7E998E006E8CFF /* QRView.h */ = {isa = PBXFileReference; fileEncoding = 4; lastKnownFileType = sourcecode.c.h; path = QRView.h; sourceTree = "<group>"; };
		40DF20B51D7E998E006E8CFF /* QRView.m */ = {isa = PBXFileReference; fileEncoding = 4; lastKnownFileType = sourcecode.c.objc; path = QRView.m; sourceTree = "<group>"; };
		40DF20B71D7E9A95006E8CFF /* QRViewController.h */ = {isa = PBXFileReference; fileEncoding = 4; lastKnownFileType = sourcecode.c.h; path = QRViewController.h; sourceTree = "<group>"; };
		40DF20B81D7E9A95006E8CFF /* QRViewController.m */ = {isa = PBXFileReference; fileEncoding = 4; lastKnownFileType = sourcecode.c.objc; path = QRViewController.m; sourceTree = "<group>"; };
/* End PBXFileReference section */

/* Begin PBXFrameworksBuildPhase section */
		405C1A1D1D66EBEB003A6239 /* Frameworks */ = {
			isa = PBXFrameworksBuildPhase;
			buildActionMask = 2147483647;
			files = (
			);
			runOnlyForDeploymentPostprocessing = 0;
		};
		405C1A361D66EBEC003A6239 /* Frameworks */ = {
			isa = PBXFrameworksBuildPhase;
			buildActionMask = 2147483647;
			files = (
			);
			runOnlyForDeploymentPostprocessing = 0;
		};
		405C1A411D66EBEC003A6239 /* Frameworks */ = {
			isa = PBXFrameworksBuildPhase;
			buildActionMask = 2147483647;
			files = (
			);
			runOnlyForDeploymentPostprocessing = 0;
		};
/* End PBXFrameworksBuildPhase section */

/* Begin PBXGroup section */
		405C1A171D66EBEB003A6239 = {
			isa = PBXGroup;
			children = (
				405C1A221D66EBEB003A6239 /* QRCodeDemo */,
				405C1A3C1D66EBEC003A6239 /* QRCodeDemoTests */,
				405C1A471D66EBEC003A6239 /* QRCodeDemoUITests */,
				405C1A211D66EBEB003A6239 /* Products */,
			);
			sourceTree = "<group>";
		};
		405C1A211D66EBEB003A6239 /* Products */ = {
			isa = PBXGroup;
			children = (
				405C1A201D66EBEB003A6239 /* QRCodeDemo.app */,
				405C1A391D66EBEC003A6239 /* QRCodeDemoTests.xctest */,
				405C1A441D66EBEC003A6239 /* QRCodeDemoUITests.xctest */,
			);
			name = Products;
			sourceTree = "<group>";
		};
		405C1A221D66EBEB003A6239 /* QRCodeDemo */ = {
			isa = PBXGroup;
			children = (
				40DF20AA1D7E986E006E8CFF /* QRCode */,
				405C1A261D66EBEC003A6239 /* AppDelegate.h */,
				405C1A271D66EBEC003A6239 /* AppDelegate.m */,
				405C1A291D66EBEC003A6239 /* ViewController.h */,
				405C1A2A1D66EBEC003A6239 /* ViewController.m */,
				40DF20B71D7E9A95006E8CFF /* QRViewController.h */,
				40DF20B81D7E9A95006E8CFF /* QRViewController.m */,
				405C1A2C1D66EBEC003A6239 /* Main.storyboard */,
				405C1A2F1D66EBEC003A6239 /* Assets.xcassets */,
				405C1A311D66EBEC003A6239 /* LaunchScreen.storyboard */,
				405C1A341D66EBEC003A6239 /* Info.plist */,
				405C1A231D66EBEC003A6239 /* Supporting Files */,
			);
			path = QRCodeDemo;
			sourceTree = "<group>";
		};
		405C1A231D66EBEC003A6239 /* Supporting Files */ = {
			isa = PBXGroup;
			children = (
				405C1A241D66EBEC003A6239 /* main.m */,
			);
			name = "Supporting Files";
			sourceTree = "<group>";
		};
		405C1A3C1D66EBEC003A6239 /* QRCodeDemoTests */ = {
			isa = PBXGroup;
			children = (
				405C1A3D1D66EBEC003A6239 /* QRCodeDemoTests.m */,
				405C1A3F1D66EBEC003A6239 /* Info.plist */,
			);
			path = QRCodeDemoTests;
			sourceTree = "<group>";
		};
		405C1A471D66EBEC003A6239 /* QRCodeDemoUITests */ = {
			isa = PBXGroup;
			children = (
				405C1A481D66EBEC003A6239 /* QRCodeDemoUITests.m */,
				405C1A4A1D66EBEC003A6239 /* Info.plist */,
			);
			path = QRCodeDemoUITests;
			sourceTree = "<group>";
		};
		40DF20AA1D7E986E006E8CFF /* QRCode */ = {
			isa = PBXGroup;
			children = (
				40DF20AD1D7E986E006E8CFF /* QRView */,
				40DF20AB1D7E986E006E8CFF /* QRScanViewController.h */,
				40DF20AC1D7E986E006E8CFF /* QRScanViewController.m */,
			);
			path = QRCode;
			sourceTree = "<group>";
		};
		40DF20AD1D7E986E006E8CFF /* QRView */ = {
			isa = PBXGroup;
			children = (
				40DF20B41D7E998E006E8CFF /* QRView.h */,
				40DF20B51D7E998E006E8CFF /* QRView.m */,
				40DF20AE1D7E986E006E8CFF /* QRScanView.h */,
				40DF20AF1D7E986E006E8CFF /* QRScanView.m */,
				40DF20B01D7E986E006E8CFF /* scan@3x.png */,
			);
			path = QRView;
			sourceTree = "<group>";
		};
/* End PBXGroup section */

/* Begin PBXNativeTarget section */
		405C1A1F1D66EBEB003A6239 /* QRCodeDemo */ = {
			isa = PBXNativeTarget;
			buildConfigurationList = 405C1A4D1D66EBEC003A6239 /* Build configuration list for PBXNativeTarget "QRCodeDemo" */;
			buildPhases = (
				405C1A1C1D66EBEB003A6239 /* Sources */,
				405C1A1D1D66EBEB003A6239 /* Frameworks */,
				405C1A1E1D66EBEB003A6239 /* Resources */,
			);
			buildRules = (
			);
			dependencies = (
			);
			name = QRCodeDemo;
			productName = QRCodeDemo;
			productReference = 405C1A201D66EBEB003A6239 /* QRCodeDemo.app */;
			productType = "com.apple.product-type.application";
		};
		405C1A381D66EBEC003A6239 /* QRCodeDemoTests */ = {
			isa = PBXNativeTarget;
			buildConfigurationList = 405C1A501D66EBEC003A6239 /* Build configuration list for PBXNativeTarget "QRCodeDemoTests" */;
			buildPhases = (
				405C1A351D66EBEC003A6239 /* Sources */,
				405C1A361D66EBEC003A6239 /* Frameworks */,
				405C1A371D66EBEC003A6239 /* Resources */,
			);
			buildRules = (
			);
			dependencies = (
				405C1A3B1D66EBEC003A6239 /* PBXTargetDependency */,
			);
			name = QRCodeDemoTests;
			productName = QRCodeDemoTests;
			productReference = 405C1A391D66EBEC003A6239 /* QRCodeDemoTests.xctest */;
			productType = "com.apple.product-type.bundle.unit-test";
		};
		405C1A431D66EBEC003A6239 /* QRCodeDemoUITests */ = {
			isa = PBXNativeTarget;
			buildConfigurationList = 405C1A531D66EBEC003A6239 /* Build configuration list for PBXNativeTarget "QRCodeDemoUITests" */;
			buildPhases = (
				405C1A401D66EBEC003A6239 /* Sources */,
				405C1A411D66EBEC003A6239 /* Frameworks */,
				405C1A421D66EBEC003A6239 /* Resources */,
			);
			buildRules = (
			);
			dependencies = (
				405C1A461D66EBEC003A6239 /* PBXTargetDependency */,
			);
			name = QRCodeDemoUITests;
			productName = QRCodeDemoUITests;
			productReference = 405C1A441D66EBEC003A6239 /* QRCodeDemoUITests.xctest */;
			productType = "com.apple.product-type.bundle.ui-testing";
		};
/* End PBXNativeTarget section */

/* Begin PBXProject section */
		405C1A181D66EBEB003A6239 /* Project object */ = {
			isa = PBXProject;
			attributes = {
				LastUpgradeCheck = 0730;
				ORGANIZATIONNAME = "刘彬";
				TargetAttributes = {
					405C1A1F1D66EBEB003A6239 = {
						CreatedOnToolsVersion = 7.3.1;
					};
					405C1A381D66EBEC003A6239 = {
						CreatedOnToolsVersion = 7.3.1;
						TestTargetID = 405C1A1F1D66EBEB003A6239;
					};
					405C1A431D66EBEC003A6239 = {
						CreatedOnToolsVersion = 7.3.1;
						TestTargetID = 405C1A1F1D66EBEB003A6239;
					};
				};
			};
			buildConfigurationList = 405C1A1B1D66EBEB003A6239 /* Build configuration list for PBXProject "QRCodeDemo" */;
			compatibilityVersion = "Xcode 3.2";
			developmentRegion = English;
			hasScannedForEncodings = 0;
			knownRegions = (
				en,
				Base,
			);
			mainGroup = 405C1A171D66EBEB003A6239;
			productRefGroup = 405C1A211D66EBEB003A6239 /* Products */;
			projectDirPath = "";
			projectRoot = "";
			targets = (
				405C1A1F1D66EBEB003A6239 /* QRCodeDemo */,
				405C1A381D66EBEC003A6239 /* QRCodeDemoTests */,
				405C1A431D66EBEC003A6239 /* QRCodeDemoUITests */,
			);
		};
/* End PBXProject section */

/* Begin PBXResourcesBuildPhase section */
		405C1A1E1D66EBEB003A6239 /* Resources */ = {
			isa = PBXResourcesBuildPhase;
			buildActionMask = 2147483647;
			files = (
				405C1A331D66EBEC003A6239 /* LaunchScreen.storyboard in Resources */,
				405C1A301D66EBEC003A6239 /* Assets.xcassets in Resources */,
				40DF20B31D7E986E006E8CFF /* scan@3x.png in Resources */,
				405C1A2E1D66EBEC003A6239 /* Main.storyboard in Resources */,
			);
			runOnlyForDeploymentPostprocessing = 0;
		};
		405C1A371D66EBEC003A6239 /* Resources */ = {
			isa = PBXResourcesBuildPhase;
			buildActionMask = 2147483647;
			files = (
			);
			runOnlyForDeploymentPostprocessing = 0;
		};
		405C1A421D66EBEC003A6239 /* Resources */ = {
			isa = PBXResourcesBuildPhase;
			buildActionMask = 2147483647;
			files = (
			);
			runOnlyForDeploymentPostprocessing = 0;
		};
/* End PBXResourcesBuildPhase section */

/* Begin PBXSourcesBuildPhase section */
		405C1A1C1D66EBEB003A6239 /* Sources */ = {
			isa = PBXSourcesBuildPhase;
			buildActionMask = 2147483647;
			files = (
				40DF20B91D7E9A95006E8CFF /* QRViewController.m in Sources */,
				40DF20B11D7E986E006E8CFF /* QRScanViewController.m in Sources */,
				40DF20B21D7E986E006E8CFF /* QRScanView.m in Sources */,
				405C1A2B1D66EBEC003A6239 /* ViewController.m in Sources */,
				405C1A281D66EBEC003A6239 /* AppDelegate.m in Sources */,
				405C1A251D66EBEC003A6239 /* main.m in Sources */,
				40DF20B61D7E998E006E8CFF /* QRView.m in Sources */,
			);
			runOnlyForDeploymentPostprocessing = 0;
		};
		405C1A351D66EBEC003A6239 /* Sources */ = {
			isa = PBXSourcesBuildPhase;
			buildActionMask = 2147483647;
			files = (
				405C1A3E1D66EBEC003A6239 /* QRCodeDemoTests.m in Sources */,
			);
			runOnlyForDeploymentPostprocessing = 0;
		};
		405C1A401D66EBEC003A6239 /* Sources */ = {
			isa = PBXSourcesBuildPhase;
			buildActionMask = 2147483647;
			files = (
				405C1A491D66EBEC003A6239 /* QRCodeDemoUITests.m in Sources */,
			);
			runOnlyForDeploymentPostprocessing = 0;
		};
/* End PBXSourcesBuildPhase section */

/* Begin PBXTargetDependency section */
		405C1A3B1D66EBEC003A6239 /* PBXTargetDependency */ = {
			isa = PBXTargetDependency;
			target = 405C1A1F1D66EBEB003A6239 /* QRCodeDemo */;
			targetProxy = 405C1A3A1D66EBEC003A6239 /* PBXContainerItemProxy */;
		};
		405C1A461D66EBEC003A6239 /* PBXTargetDependency */ = {
			isa = PBXTargetDependency;
			target = 405C1A1F1D66EBEB003A6239 /* QRCodeDemo */;
			targetProxy = 405C1A451D66EBEC003A6239 /* PBXContainerItemProxy */;
		};
/* End PBXTargetDependency section */

/* Begin PBXVariantGroup section */
		405C1A2C1D66EBEC003A6239 /* Main.storyboard */ = {
			isa = PBXVariantGroup;
			children = (
				405C1A2D1D66EBEC003A6239 /* Base */,
			);
			name = Main.storyboard;
			sourceTree = "<group>";
		};
		405C1A311D66EBEC003A6239 /* LaunchScreen.storyboard */ = {
			isa = PBXVariantGroup;
			children = (
				405C1A321D66EBEC003A6239 /* Base */,
			);
			name = LaunchScreen.storyboard;
			sourceTree = "<group>";
		};
/* End PBXVariantGroup section */

/* Begin XCBuildConfiguration section */
		405C1A4B1D66EBEC003A6239 /* Debug */ = {
			isa = XCBuildConfiguration;
			buildSettings = {
				ALWAYS_SEARCH_USER_PATHS = NO;
				CLANG_ANALYZER_NONNULL = YES;
				CLANG_CXX_LANGUAGE_STANDARD = "gnu++0x";
				CLANG_CXX_LIBRARY = "libc++";
				CLANG_ENABLE_MODULES = YES;
				CLANG_ENABLE_OBJC_ARC = YES;
				CLANG_WARN_BOOL_CONVERSION = YES;
				CLANG_WARN_CONSTANT_CONVERSION = YES;
				CLANG_WARN_DIRECT_OBJC_ISA_USAGE = YES_ERROR;
				CLANG_WARN_EMPTY_BODY = YES;
				CLANG_WARN_ENUM_CONVERSION = YES;
				CLANG_WARN_INT_CONVERSION = YES;
				CLANG_WARN_OBJC_ROOT_CLASS = YES_ERROR;
				CLANG_WARN_UNREACHABLE_CODE = YES;
				CLANG_WARN__DUPLICATE_METHOD_MATCH = YES;
				"CODE_SIGN_IDENTITY[sdk=iphoneos*]" = "iPhone Developer";
				COPY_PHASE_STRIP = NO;
				DEBUG_INFORMATION_FORMAT = dwarf;
				ENABLE_STRICT_OBJC_MSGSEND = YES;
				ENABLE_TESTABILITY = YES;
				GCC_C_LANGUAGE_STANDARD = gnu99;
				GCC_DYNAMIC_NO_PIC = NO;
				GCC_NO_COMMON_BLOCKS = YES;
				GCC_OPTIMIZATION_LEVEL = 0;
				GCC_PREPROCESSOR_DEFINITIONS = (
					"DEBUG=1",
					"$(inherited)",
				);
				GCC_WARN_64_TO_32_BIT_CONVERSION = YES;
				GCC_WARN_ABOUT_RETURN_TYPE = YES_ERROR;
				GCC_WARN_UNDECLARED_SELECTOR = YES;
				GCC_WARN_UNINITIALIZED_AUTOS = YES_AGGRESSIVE;
				GCC_WARN_UNUSED_FUNCTION = YES;
				GCC_WARN_UNUSED_VARIABLE = YES;
				IPHONEOS_DEPLOYMENT_TARGET = 9.3;
				MTL_ENABLE_DEBUG_INFO = YES;
				ONLY_ACTIVE_ARCH = YES;
				SDKROOT = iphoneos;
			};
			name = Debug;
		};
		405C1A4C1D66EBEC003A6239 /* Release */ = {
			isa = XCBuildConfiguration;
			buildSettings = {
				ALWAYS_SEARCH_USER_PATHS = NO;
				CLANG_ANALYZER_NONNULL = YES;
				CLANG_CXX_LANGUAGE_STANDARD = "gnu++0x";
				CLANG_CXX_LIBRARY = "libc++";
				CLANG_ENABLE_MODULES = YES;
				CLANG_ENABLE_OBJC_ARC = YES;
				CLANG_WARN_BOOL_CONVERSION = YES;
				CLANG_WARN_CONSTANT_CONVERSION = YES;
				CLANG_WARN_DIRECT_OBJC_ISA_USAGE = YES_ERROR;
				CLANG_WARN_EMPTY_BODY = YES;
				CLANG_WARN_ENUM_CONVERSION = YES;
				CLANG_WARN_INT_CONVERSION = YES;
				CLANG_WARN_OBJC_ROOT_CLASS = YES_ERROR;
				CLANG_WARN_UNREACHABLE_CODE = YES;
				CLANG_WARN__DUPLICATE_METHOD_MATCH = YES;
				"CODE_SIGN_IDENTITY[sdk=iphoneos*]" = "iPhone Developer";
				COPY_PHASE_STRIP = NO;
				DEBUG_INFORMATION_FORMAT = "dwarf-with-dsym";
				ENABLE_NS_ASSERTIONS = NO;
				ENABLE_STRICT_OBJC_MSGSEND = YES;
				GCC_C_LANGUAGE_STANDARD = gnu99;
				GCC_NO_COMMON_BLOCKS = YES;
				GCC_WARN_64_TO_32_BIT_CONVERSION = YES;
				GCC_WARN_ABOUT_RETURN_TYPE = YES_ERROR;
				GCC_WARN_UNDECLARED_SELECTOR = YES;
				GCC_WARN_UNINITIALIZED_AUTOS = YES_AGGRESSIVE;
				GCC_WARN_UNUSED_FUNCTION = YES;
				GCC_WARN_UNUSED_VARIABLE = YES;
				IPHONEOS_DEPLOYMENT_TARGET = 9.3;
				MTL_ENABLE_DEBUG_INFO = NO;
				SDKROOT = iphoneos;
				VALIDATE_PRODUCT = YES;
			};
			name = Release;
		};
		405C1A4E1D66EBEC003A6239 /* Debug */ = {
			isa = XCBuildConfiguration;
			buildSettings = {
				ASSETCATALOG_COMPILER_APPICON_NAME = AppIcon;
				INFOPLIST_FILE = QRCodeDemo/Info.plist;
				LD_RUNPATH_SEARCH_PATHS = "$(inherited) @executable_path/Frameworks";
				PRODUCT_BUNDLE_IDENTIFIER = "--.QRCodeDemo";
				PRODUCT_NAME = "$(TARGET_NAME)";
			};
			name = Debug;
		};
		405C1A4F1D66EBEC003A6239 /* Release */ = {
			isa = XCBuildConfiguration;
			buildSettings = {
				ASSETCATALOG_COMPILER_APPICON_NAME = AppIcon;
				INFOPLIST_FILE = QRCodeDemo/Info.plist;
				LD_RUNPATH_SEARCH_PATHS = "$(inherited) @executable_path/Frameworks";
				PRODUCT_BUNDLE_IDENTIFIER = "--.QRCodeDemo";
				PRODUCT_NAME = "$(TARGET_NAME)";
			};
			name = Release;
		};
		405C1A511D66EBEC003A6239 /* Debug */ = {
			isa = XCBuildConfiguration;
			buildSettings = {
				BUNDLE_LOADER = "$(TEST_HOST)";
				INFOPLIST_FILE = QRCodeDemoTests/Info.plist;
				LD_RUNPATH_SEARCH_PATHS = "$(inherited) @executable_path/Frameworks @loader_path/Frameworks";
				PRODUCT_BUNDLE_IDENTIFIER = "--.QRCodeDemoTests";
				PRODUCT_NAME = "$(TARGET_NAME)";
				TEST_HOST = "$(BUILT_PRODUCTS_DIR)/QRCodeDemo.app/QRCodeDemo";
			};
			name = Debug;
		};
		405C1A521D66EBEC003A6239 /* Release */ = {
			isa = XCBuildConfiguration;
			buildSettings = {
				BUNDLE_LOADER = "$(TEST_HOST)";
				INFOPLIST_FILE = QRCodeDemoTests/Info.plist;
				LD_RUNPATH_SEARCH_PATHS = "$(inherited) @executable_path/Frameworks @loader_path/Frameworks";
				PRODUCT_BUNDLE_IDENTIFIER = "--.QRCodeDemoTests";
				PRODUCT_NAME = "$(TARGET_NAME)";
				TEST_HOST = "$(BUILT_PRODUCTS_DIR)/QRCodeDemo.app/QRCodeDemo";
			};
			name = Release;
		};
		405C1A541D66EBEC003A6239 /* Debug */ = {
			isa = XCBuildConfiguration;
			buildSettings = {
				INFOPLIST_FILE = QRCodeDemoUITests/Info.plist;
				LD_RUNPATH_SEARCH_PATHS = "$(inherited) @executable_path/Frameworks @loader_path/Frameworks";
				PRODUCT_BUNDLE_IDENTIFIER = "--.QRCodeDemoUITests";
				PRODUCT_NAME = "$(TARGET_NAME)";
				TEST_TARGET_NAME = QRCodeDemo;
			};
			name = Debug;
		};
		405C1A551D66EBEC003A6239 /* Release */ = {
			isa = XCBuildConfiguration;
			buildSettings = {
				INFOPLIST_FILE = QRCodeDemoUITests/Info.plist;
				LD_RUNPATH_SEARCH_PATHS = "$(inherited) @executable_path/Frameworks @loader_path/Frameworks";
				PRODUCT_BUNDLE_IDENTIFIER = "--.QRCodeDemoUITests";
				PRODUCT_NAME = "$(TARGET_NAME)";
				TEST_TARGET_NAME = QRCodeDemo;
			};
			name = Release;
		};
/* End XCBuildConfiguration section */

/* Begin XCConfigurationList section */
		405C1A1B1D66EBEB003A6239 /* Build configuration list for PBXProject "QRCodeDemo" */ = {
			isa = XCConfigurationList;
			buildConfigurations = (
				405C1A4B1D66EBEC003A6239 /* Debug */,
				405C1A4C1D66EBEC003A6239 /* Release */,
			);
			defaultConfigurationIsVisible = 0;
			defaultConfigurationName = Release;
		};
		405C1A4D1D66EBEC003A6239 /* Build configuration list for PBXNativeTarget "QRCodeDemo" */ = {
			isa = XCConfigurationList;
			buildConfigurations = (
				405C1A4E1D66EBEC003A6239 /* Debug */,
				405C1A4F1D66EBEC003A6239 /* Release */,
			);
			defaultConfigurationIsVisible = 0;
			defaultConfigurationName = Release;
		};
		405C1A501D66EBEC003A6239 /* Build configuration list for PBXNativeTarget "QRCodeDemoTests" */ = {
			isa = XCConfigurationList;
			buildConfigurations = (
				405C1A511D66EBEC003A6239 /* Debug */,
				405C1A521D66EBEC003A6239 /* Release */,
			);
			defaultConfigurationIsVisible = 0;
			defaultConfigurationName = Release;
		};
		405C1A531D66EBEC003A6239 /* Build configuration list for PBXNativeTarget "QRCodeDemoUITests" */ = {
			isa = XCConfigurationList;
			buildConfigurations = (
				405C1A541D66EBEC003A6239 /* Debug */,
				405C1A551D66EBEC003A6239 /* Release */,
			);
			defaultConfigurationIsVisible = 0;
			defaultConfigurationName = Release;
		};
/* End XCConfigurationList section */
	};
	rootObject = 405C1A181D66EBEB003A6239 /* Project object */;
}
